
Microsoft Visual Studio Solution File, Format Version 12.00
# Visual Studio Version 16
VisualStudioVersion = 16.0.29613.14
MinimumVisualStudioVersion = 10.0.40219.1
Project("{FAE04EC0-301F-11D3-BF4B-00C04F79EFBC}") = "DocumentationExt", "DocumentationExt\DocumentationExt.csproj", "{72839009-B066-48BB-A150-92644F89B56E}"
EndProject
Global
	GlobalSection(SolutionConfigurationPlatforms) = preSolution
		Debug|Any CPU = Debug|Any CPU
		Release|Any CPU = Release|Any CPU
	EndGlobalSection
	GlobalSection(ProjectConfigurationPlatforms) = postSolution
		{72839009-B066-48BB-A150-92644F89B56E}.Debug|Any CPU.ActiveCfg = Debug|Any CPU
		{72839009-B066-48BB-A150-92644F89B56E}.Debug|Any CPU.Build.0 = Debug|Any CPU
		{72839009-B066-48BB-A150-92644F89B56E}.Release|Any CPU.ActiveCfg = Release|Any CPU
		{72839009-B066-48BB-A150-92644F89B56E}.Release|Any CPU.Build.0 = Release|Any CPU
	EndGlobalSection
	GlobalSection(SolutionProperties) = preSolution
		HideSolutionNode = FALSE
	EndGlobalSection
	GlobalSection(ExtensibilityGlobals) = postSolution
		SolutionGuid = {423B6823-670F-4333-BCEB-B6AA552369A1}
	EndGlobalSection
EndGlobal
